
Microsoft Visual Studio Solution File, Format Version 12.00
# Visual Studio Version 17
VisualStudioVersion = 17.10.35122.118
MinimumVisualStudioVersion = 10.0.40219.1
Project("{FAE04EC0-301F-11D3-BF4B-00C04F79EFBC}") = "SampleWebApplication", "SampleWebApplication\SampleWebApplication.csproj", "{E3AFBCE8-0D5D-4392-90C3-F8463A9A93A3}"
EndProject
Project("{FAE04EC0-301F-11D3-BF4B-00C04F79EFBC}") = "SampleWebApplication.Tests", "SampleWebApplication.Tests\SampleWebApplication.Tests.csproj", "{DB5501DA-F707-4FA3-8897-5933002A0685}"
EndProject
Global
	GlobalSection(SolutionConfigurationPlatforms) = preSolution
		Debug|Any CPU = Debug|Any CPU
		Release|Any CPU = Release|Any CPU
	EndGlobalSection
	GlobalSection(ProjectConfigurationPlatforms) = postSolution
		{E3AFBCE8-0D5D-4392-90C3-F8463A9A93A3}.Debug|Any CPU.ActiveCfg = Debug|Any CPU
		{E3AFBCE8-0D5D-4392-90C3-F8463A9A93A3}.Debug|Any CPU.Build.0 = Debug|Any CPU
		{E3AFBCE8-0D5D-4392-90C3-F8463A9A93A3}.Release|Any CPU.ActiveCfg = Release|Any CPU
		{E3AFBCE8-0D5D-4392-90C3-F8463A9A93A3}.Release|Any CPU.Build.0 = Release|Any CPU
		{DB5501DA-F707-4FA3-8897-5933002A0685}.Debug|Any CPU.ActiveCfg = Debug|Any CPU
		{DB5501DA-F707-4FA3-8897-5933002A0685}.Debug|Any CPU.Build.0 = Debug|Any CPU
		{DB5501DA-F707-4FA3-8897-5933002A0685}.Release|Any CPU.ActiveCfg = Release|Any CPU
		{DB5501DA-F707-4FA3-8897-5933002A0685}.Release|Any CPU.Build.0 = Release|Any CPU
	EndGlobalSection
	GlobalSection(SolutionProperties) = preSolution
		HideSolutionNode = FALSE
	EndGlobalSection
	GlobalSection(ExtensibilityGlobals) = postSolution
		SolutionGuid = {94F4E9C5-8A44-48B7-A128-5AFCACDC5E8A}
	EndGlobalSection
EndGlobal
